
Microsoft Visual Studio Solution File, Format Version 12.00
# Visual Studio Version 16
VisualStudioVersion = 16.0.32228.343
MinimumVisualStudioVersion = 10.0.40219.1
Project("{FAE04EC0-301F-11D3-BF4B-00C04F79EFBC}") = "ZMEJ", "ZMEJ\ZMEJ.csproj", "{F122C73A-AA8E-4768-88F2-D54E27DD706F}"
EndProject
Global
	GlobalSection(SolutionConfigurationPlatforms) = preSolution
		Debug|Any CPU = Debug|Any CPU
		Release|Any CPU = Release|Any CPU
	EndGlobalSection
	GlobalSection(ProjectConfigurationPlatforms) = postSolution
		{F122C73A-AA8E-4768-88F2-D54E27DD706F}.Debug|Any CPU.ActiveCfg = Debug|Any CPU
		{F122C73A-AA8E-4768-88F2-D54E27DD706F}.Debug|Any CPU.Build.0 = Debug|Any CPU
		{F122C73A-AA8E-4768-88F2-D54E27DD706F}.Release|Any CPU.ActiveCfg = Release|Any CPU
		{F122C73A-AA8E-4768-88F2-D54E27DD706F}.Release|Any CPU.Build.0 = Release|Any CPU
	EndGlobalSection
	GlobalSection(SolutionProperties) = preSolution
		HideSolutionNode = FALSE
	EndGlobalSection
	GlobalSection(ExtensibilityGlobals) = postSolution
		SolutionGuid = {B2384450-70B3-4E6B-BC1B-3CE08D7AD5BB}
	EndGlobalSection
EndGlobal
